#MicroXplorer Configuration settings - do not modify
Mcu.Family=STM32F1
RCC.PLLSourceVirtual=RCC_PLLSOURCE_HSE
ProjectManager.MainLocation=Src
FATFS0.BSP.STBoard=false
RCC.MCOFreq_Value=72000000
ProjectManager.ProjectFileName=MSD_103ZE.ioc
ProjectManager.KeepUserCode=true
Mcu.UserName=STM32F103ZETx
Mcu.PinsNb=10
FATFS0.BSP.semaphore=
FATFS0.BSP.api=Unknown
ProjectManager.NoMain=false
VP_FATFS_VS_SDIO.Mode=SDIO
RCC.PLLCLKFreq_Value=72000000
PC12.Signal=SDIO_CK
FATFS0.BSP.mode=Input
ProjectManager.functionlistsort=1-MX_GPIO_Init-GPIO-false-HAL-true,2-SystemClock_Config-RCC-false-HAL-false,3-MX_SDIO_SD_Init-SDIO-false-HAL-true,4-MX_FATFS_Init-FATFS-false-HAL-false
PC8.Signal=SDIO_D0
PC6.Signal=GPIO_Input
RCC.ADCFreqValue=36000000
ProjectManager.DefaultFWLocation=true
ProjectManager.DeletePrevious=true
RCC.APB1CLKDivider=RCC_HCLK_DIV2
PinOutPanel.RotationAngle=0
RCC.FamilyName=M
RCC.I2S3Freq_Value=72000000
RCC.SYSCLKSource=RCC_SYSCLKSOURCE_PLLCLK
ProjectManager.StackSize=0x400
FATFS0.BSP.instance=PC6
PA13.Signal=SYS_JTMS-SWDIO
Mcu.IP4=SYS
RCC.FCLKCortexFreq_Value=72000000
NVIC.SVCall_IRQn=true\:0\:0\:false\:false\:true\:false\:false
Mcu.IP2=RCC
RCC.SDIOHCLKDiv2FreqValue=36000000
Mcu.IP3=SDIO
Mcu.IP0=FATFS
Mcu.IP1=NVIC
Mcu.UserConstants=
ProjectManager.TargetToolchain=EWARM V8.32
VP_FATFS_VS_SDIO.Signal=FATFS_VS_SDIO
FATFS0.BSP.condition=
Mcu.ThirdPartyNb=0
RCC.SDIOFreq_Value=72000000
RCC.HCLKFreq_Value=72000000
Mcu.IPNb=5
ProjectManager.PreviousToolchain=
PC6.Locked=true
RCC.APB2TimFreq_Value=72000000
SDIO.IPParameters=ClockDiv
Mcu.Pin6=PC12
Mcu.Pin7=PD2
OSC_IN.Signal=RCC_OSC_IN
Mcu.Pin8=VP_FATFS_VS_SDIO
RCC.USBFreq_Value=72000000
OSC_OUT.Mode=HSE-External-Oscillator
Mcu.Pin9=VP_SYS_VS_Systick
SDIO.ClockDiv=1
OSC_OUT.Signal=RCC_OSC_OUT
RCC.AHBFreq_Value=72000000
FATFS0.BSP.ip=GPIO
Mcu.Pin0=OSC_IN
Mcu.Pin1=OSC_OUT
GPIO.groupedBy=Group By Peripherals
Mcu.Pin2=PC6
Mcu.Pin3=PC8
Mcu.Pin4=PA13
FATFS.BSP.number=1
PD2.Mode=SD_1_bit
Mcu.Pin5=PA14
ProjectManager.ProjectBuild=false
NVIC.UsageFault_IRQn=true\:0\:0\:false\:false\:true\:false\:false
PC12.Mode=SD_1_bit
NVIC.DebugMonitor_IRQn=true\:0\:0\:false\:false\:true\:false\:false
FATFS0.BSP.i2caddr=0
board=custom
NVIC.SysTick_IRQn=true\:0\:0\:false\:false\:true\:false\:true
ProjectManager.LastFirmware=true
RCC.PLLMUL=RCC_PLL_MUL9
RCC.VCOOutput2Freq_Value=8000000
ProjectManager.FirmwarePackage=STM32Cube FW_F1 V1.8.0
MxDb.Version=DB.5.0.60
RCC.APB2Freq_Value=72000000
ProjectManager.BackupPrevious=false
MxCube.Version=5.6.0
PA14.Mode=Serial_Wire
FATFS0.BSP.i2creg=
File.Version=6
VP_SYS_VS_Systick.Mode=SysTick
NVIC.NonMaskableInt_IRQn=true\:0\:0\:false\:false\:true\:false\:false
NVIC.PendSV_IRQn=true\:0\:0\:false\:false\:true\:false\:false
PA13.Mode=Serial_Wire
ProjectManager.FreePins=false
RCC.IPParameters=ADCFreqValue,AHBFreq_Value,APB1CLKDivider,APB1Freq_Value,APB1TimFreq_Value,APB2Freq_Value,APB2TimFreq_Value,FCLKCortexFreq_Value,FSMCFreq_Value,FamilyName,HCLKFreq_Value,I2S2Freq_Value,I2S3Freq_Value,MCOFreq_Value,PLLCLKFreq_Value,PLLMCOFreq_Value,PLLMUL,PLLSourceVirtual,SDIOFreq_Value,SDIOHCLKDiv2FreqValue,SYSCLKFreq_VALUE,SYSCLKSource,TimSysFreq_Value,USBFreq_Value,VCOOutput2Freq_Value
ProjectManager.AskForMigrate=true
Mcu.Name=STM32F103Z(C-D-E)Tx
ProjectManager.HalAssertFull=false
ProjectManager.ProjectName=MSD_103ZE
ProjectManager.UnderRoot=false
PC8.Mode=SD_1_bit
RCC.PLLMCOFreq_Value=36000000
RCC.FSMCFreq_Value=72000000
ProjectManager.CoupleFile=false
RCC.SYSCLKFreq_VALUE=72000000
Mcu.Package=LQFP144
RCC.TimSysFreq_Value=72000000
RCC.I2S2Freq_Value=72000000
NVIC.ForceEnableDMAVector=true
KeepUserPlacement=false
OSC_IN.Mode=HSE-External-Oscillator
FATFS0.BSP.solution=PC6
NVIC.MemoryManagement_IRQn=true\:0\:0\:false\:false\:true\:false\:false
ProjectManager.CompilerOptimize=6
ProjectManager.ToolChainLocation=
VP_SYS_VS_Systick.Signal=SYS_VS_Systick
PA14.Signal=SYS_JTCK-SWCLK
ProjectManager.HeapSize=0x200
NVIC.HardFault_IRQn=true\:0\:0\:false\:false\:true\:false\:false
PC6.GPIO_PuPd=GPIO_PULLDOWN
PC6.GPIOParameters=GPIO_PuPd
ProjectManager.ComputerToolchain=false
NVIC.PriorityGroup=NVIC_PRIORITYGROUP_4
FATFS0.BSP.component=
RCC.APB1TimFreq_Value=72000000
NVIC.BusFault_IRQn=true\:0\:0\:false\:false\:true\:false\:false
PD2.Signal=SDIO_CMD
RCC.APB1Freq_Value=36000000
ProjectManager.CustomerFirmwarePackage=
ProjectManager.DeviceId=STM32F103ZETx
FATFS0.BSP.name=Detect_SDIO
ProjectManager.LibraryCopy=1
